{
  "name": "smry",
  "version": "1.0.0",
  "lockfileVersion": 3,
  "requires": true,
  "packages": {
    "": {
      "name": "smry",
      "version": "1.0.0",
      "dependencies": {
        "@huggingface/inference": "^2.6.4",
        "chalk": "^5.3.0",
        "commander": "^11.1.0",
        "figlet": "^1.7.0"
      },
      "bin": {
        "smry": "bin/index.js"
      }
    },
    "node_modules/@huggingface/inference": {
      "version": "2.6.4",
      "resolved": "https://registry.npmjs.org/@huggingface/inference/-/inference-2.6.4.tgz",
      "integrity": "sha512-Xna7arltBSBoKaH3diGi3sYvkExgJMd/pF4T6vl2YbmDccbr1G/X5EPZ2048p+YgrJYG1jTYFCtY6Dr3HvJaow==",
      "engines": {
        "node": ">=18"
      }
    },
    "node_modules/chalk": {
      "version": "5.3.0",
      "resolved": "https://registry.npmjs.org/chalk/-/chalk-5.3.0.tgz",
      "integrity": "sha512-dLitG79d+GV1Nb/VYcCDFivJeK1hiukt9QjRNVOsUtTy1rR1YJsmpGGTZ3qJos+uw7WmWF4wUwBd9jxjocFC2w==",
      "engines": {
        "node": "^12.17.0 || ^14.13 || >=16.0.0"
      },
      "funding": {
        "url": "https://github.com/chalk/chalk?sponsor=1"
      }
    },
    "node_modules/commander": {
      "version": "11.1.0",
      "resolved": "https://registry.npmjs.org/commander/-/commander-11.1.0.tgz",
      "integrity": "sha512-yPVavfyCcRhmorC7rWlkHn15b4wDVgVmBA7kV4QVBsF7kv/9TKJAbAXVTxvTnwP8HHKjRCJDClKbciiYS7p0DQ==",
      "engines": {
        "node": ">=16"
      }
    },
    "node_modules/figlet": {
      "version": "1.7.0",
      "resolved": "https://registry.npmjs.org/figlet/-/figlet-1.7.0.tgz",
      "integrity": "sha512-gO8l3wvqo0V7wEFLXPbkX83b7MVjRrk1oRLfYlZXol8nEpb/ON9pcKLI4qpBv5YtOTfrINtqb7b40iYY2FTWFg==",
      "bin": {
        "figlet": "bin/index.js"
      },
      "engines": {
        "node": ">= 0.4.0"
      }
    }
  }
}
